{
  "name": "battleships",
  "requires": true,
  "lockfileVersion": 1,
  "dependencies": {
    "baojs": {
      "version": "0.2.1",
      "resolved": "https://registry.npmjs.org/baojs/-/baojs-0.2.1.tgz",
      "integrity": "sha512-mKloMR8bjd2NNtAPAFtIpHAMVunAz/m9sVEFx3fRwcUwKaq/cSWLHieoZvXOfcYn5uluG4E9EO/MsLBvXJLVqA==",
      "requires": {
        "bun-types": "^0.2.2"
      },
      "dependencies": {
        "bun-types": {
          "version": "0.2.2",
          "resolved": "https://registry.npmjs.org/bun-types/-/bun-types-0.2.2.tgz",
          "integrity": "sha512-/1IPC/PPWvV39I7uulBcWHL0Xpi1BqvwF34R/2gRwt0/l5MJB1gt15GLwLP33d59EnkOdRYibImuCg0l/9BRng=="
        }
      }
    },
    "bun-types": {
      "version": "0.5.8",
      "resolved": "https://registry.npmjs.org/bun-types/-/bun-types-0.5.8.tgz",
      "integrity": "sha512-VHwD0MAHo3wraYAeqTWH2NDmXOdGfC3wWWOnZvK93ytI6yq/LkgsCjDudWNmN7MlfPvJb2zoLMnkzhjxNwLsLw==",
      "dev": true
    }
  }
}
